Microsoft Visual Studio Solution File, Format Version 12.00
# Visual Studio 15
VisualStudioVersion = 15.0.26124.0
MinimumVisualStudioVersion = 15.0.26124.0
Project("{6EC3EE1D-3C4E-46DD-8F32-0CC8E7565705}") = "da-fsx", "da-fsx\da-fsx.fsproj", "{8294E31A-DF05-406F-BA6D-AC7E363D351E}"
EndProject
Project("{6EC3EE1D-3C4E-46DD-8F32-0CC8E7565705}") = "da-fsx-tests", "da-fsx-tests\da-fsx-tests.fsproj", "{C48C9304-73CC-4A2B-B5D9-30CC6B9A68B8}"
EndProject
Project("{6EC3EE1D-3C4E-46DD-8F32-0CC8E7565705}") = "da-auth0", "da-auth0\da-auth0.fsproj", "{F2F12CF4-8204-4596-B489-E367F210CAEB}"
EndProject
Project("{6EC3EE1D-3C4E-46DD-8F32-0CC8E7565705}") = "da-auth0-tests", "da-auth0-tests\da-auth0-tests.fsproj", "{09DBF0EE-A925-44CA-8E6F-DC687A8DDE5C}"
EndProject
Project("{6EC3EE1D-3C4E-46DD-8F32-0CC8E7565705}") = "da-config", "da-config\da-config.fsproj", "{849D5D5B-238F-4AE8-B31D-3ED252C1A543}"
EndProject
Project("{6EC3EE1D-3C4E-46DD-8F32-0CC8E7565705}") = "da-doer-mongo", "da-doer-mongo\da-doer-mongo.fsproj", "{5D202F9A-6636-4FF7-870F-917901B151C5}"
EndProject
Project("{6EC3EE1D-3C4E-46DD-8F32-0CC8E7565705}") = "da-doer-mongo-tests", "da-doer-mongo-tests\da-doer-mongo-tests.fsproj", "{855DB2C4-9C25-47FE-8535-1560004EA06B}"
EndProject
Project("{6EC3EE1D-3C4E-46DD-8F32-0CC8E7565705}") = "da-doer-users-api", "da-doer-users-api\da-doer-users-api.fsproj", "{4A6230E1-BD1C-4803-8BAF-31826341F16D}"
EndProject
Project("{F2A71F9B-5D33-465A-A702-920D77279786}") = "da-doer-users", "da-doer-users\da-doer-users.fsproj", "{4B26B145-7A9C-4118-83EB-2A0F44C3265D}"
EndProject
Project("{F2A71F9B-5D33-465A-A702-920D77279786}") = "da-auth-domain", "da-auth-domain\da-auth-domain.fsproj", "{888A386C-A4F6-4A63-9597-AFDA9934014F}"
EndProject
Project("{F2A71F9B-5D33-465A-A702-920D77279786}") = "da-data-access-domain", "da-data-access-domain\da-data-access-domain.fsproj", "{9CF5D7B7-12C2-4EE6-8AC0-1D78043F5EC1}"
EndProject
Global
	GlobalSection(SolutionConfigurationPlatforms) = preSolution
		Debug|Any CPU = Debug|Any CPU
		Debug|x64 = Debug|x64
		Debug|x86 = Debug|x86
		Release|Any CPU = Release|Any CPU
		Release|x64 = Release|x64
		Release|x86 = Release|x86
	EndGlobalSection
	GlobalSection(ProjectConfigurationPlatforms) = postSolution
		{8294E31A-DF05-406F-BA6D-AC7E363D351E}.Debug|Any CPU.ActiveCfg = Debug|Any CPU
		{8294E31A-DF05-406F-BA6D-AC7E363D351E}.Debug|Any CPU.Build.0 = Debug|Any CPU
		{8294E31A-DF05-406F-BA6D-AC7E363D351E}.Debug|x64.ActiveCfg = Debug|Any CPU
		{8294E31A-DF05-406F-BA6D-AC7E363D351E}.Debug|x64.Build.0 = Debug|Any CPU
		{8294E31A-DF05-406F-BA6D-AC7E363D351E}.Debug|x86.ActiveCfg = Debug|Any CPU
		{8294E31A-DF05-406F-BA6D-AC7E363D351E}.Debug|x86.Build.0 = Debug|Any CPU
		{8294E31A-DF05-406F-BA6D-AC7E363D351E}.Release|Any CPU.ActiveCfg = Release|Any CPU
		{8294E31A-DF05-406F-BA6D-AC7E363D351E}.Release|Any CPU.Build.0 = Release|Any CPU
		{8294E31A-DF05-406F-BA6D-AC7E363D351E}.Release|x64.ActiveCfg = Release|Any CPU
		{8294E31A-DF05-406F-BA6D-AC7E363D351E}.Release|x64.Build.0 = Release|Any CPU
		{8294E31A-DF05-406F-BA6D-AC7E363D351E}.Release|x86.ActiveCfg = Release|Any CPU
		{8294E31A-DF05-406F-BA6D-AC7E363D351E}.Release|x86.Build.0 = Release|Any CPU
		{C48C9304-73CC-4A2B-B5D9-30CC6B9A68B8}.Debug|Any CPU.ActiveCfg = Debug|Any CPU
		{C48C9304-73CC-4A2B-B5D9-30CC6B9A68B8}.Debug|Any CPU.Build.0 = Debug|Any CPU
		{C48C9304-73CC-4A2B-B5D9-30CC6B9A68B8}.Debug|x64.ActiveCfg = Debug|Any CPU
		{C48C9304-73CC-4A2B-B5D9-30CC6B9A68B8}.Debug|x64.Build.0 = Debug|Any CPU
		{C48C9304-73CC-4A2B-B5D9-30CC6B9A68B8}.Debug|x86.ActiveCfg = Debug|Any CPU
		{C48C9304-73CC-4A2B-B5D9-30CC6B9A68B8}.Debug|x86.Build.0 = Debug|Any CPU
		{C48C9304-73CC-4A2B-B5D9-30CC6B9A68B8}.Release|Any CPU.ActiveCfg = Release|Any CPU
		{C48C9304-73CC-4A2B-B5D9-30CC6B9A68B8}.Release|Any CPU.Build.0 = Release|Any CPU
		{C48C9304-73CC-4A2B-B5D9-30CC6B9A68B8}.Release|x64.ActiveCfg = Release|Any CPU
		{C48C9304-73CC-4A2B-B5D9-30CC6B9A68B8}.Release|x64.Build.0 = Release|Any CPU
		{C48C9304-73CC-4A2B-B5D9-30CC6B9A68B8}.Release|x86.ActiveCfg = Release|Any CPU
		{C48C9304-73CC-4A2B-B5D9-30CC6B9A68B8}.Release|x86.Build.0 = Release|Any CPU
		{F2F12CF4-8204-4596-B489-E367F210CAEB}.Debug|Any CPU.ActiveCfg = Debug|Any CPU
		{F2F12CF4-8204-4596-B489-E367F210CAEB}.Debug|Any CPU.Build.0 = Debug|Any CPU
		{F2F12CF4-8204-4596-B489-E367F210CAEB}.Debug|x64.ActiveCfg = Debug|Any CPU
		{F2F12CF4-8204-4596-B489-E367F210CAEB}.Debug|x64.Build.0 = Debug|Any CPU
		{F2F12CF4-8204-4596-B489-E367F210CAEB}.Debug|x86.ActiveCfg = Debug|Any CPU
		{F2F12CF4-8204-4596-B489-E367F210CAEB}.Debug|x86.Build.0 = Debug|Any CPU
		{F2F12CF4-8204-4596-B489-E367F210CAEB}.Release|Any CPU.ActiveCfg = Release|Any CPU
		{F2F12CF4-8204-4596-B489-E367F210CAEB}.Release|Any CPU.Build.0 = Release|Any CPU
		{F2F12CF4-8204-4596-B489-E367F210CAEB}.Release|x64.ActiveCfg = Release|Any CPU
		{F2F12CF4-8204-4596-B489-E367F210CAEB}.Release|x64.Build.0 = Release|Any CPU
		{F2F12CF4-8204-4596-B489-E367F210CAEB}.Release|x86.ActiveCfg = Release|Any CPU
		{F2F12CF4-8204-4596-B489-E367F210CAEB}.Release|x86.Build.0 = Release|Any CPU
		{09DBF0EE-A925-44CA-8E6F-DC687A8DDE5C}.Debug|Any CPU.ActiveCfg = Debug|Any CPU
		{09DBF0EE-A925-44CA-8E6F-DC687A8DDE5C}.Debug|Any CPU.Build.0 = Debug|Any CPU
		{09DBF0EE-A925-44CA-8E6F-DC687A8DDE5C}.Debug|x64.ActiveCfg = Debug|Any CPU
		{09DBF0EE-A925-44CA-8E6F-DC687A8DDE5C}.Debug|x64.Build.0 = Debug|Any CPU
		{09DBF0EE-A925-44CA-8E6F-DC687A8DDE5C}.Debug|x86.ActiveCfg = Debug|Any CPU
		{09DBF0EE-A925-44CA-8E6F-DC687A8DDE5C}.Debug|x86.Build.0 = Debug|Any CPU
		{09DBF0EE-A925-44CA-8E6F-DC687A8DDE5C}.Release|Any CPU.ActiveCfg = Release|Any CPU
		{09DBF0EE-A925-44CA-8E6F-DC687A8DDE5C}.Release|Any CPU.Build.0 = Release|Any CPU
		{09DBF0EE-A925-44CA-8E6F-DC687A8DDE5C}.Release|x64.ActiveCfg = Release|Any CPU
		{09DBF0EE-A925-44CA-8E6F-DC687A8DDE5C}.Release|x64.Build.0 = Release|Any CPU
		{09DBF0EE-A925-44CA-8E6F-DC687A8DDE5C}.Release|x86.ActiveCfg = Release|Any CPU
		{09DBF0EE-A925-44CA-8E6F-DC687A8DDE5C}.Release|x86.Build.0 = Release|Any CPU
		{849D5D5B-238F-4AE8-B31D-3ED252C1A543}.Debug|Any CPU.ActiveCfg = Debug|Any CPU
		{849D5D5B-238F-4AE8-B31D-3ED252C1A543}.Debug|Any CPU.Build.0 = Debug|Any CPU
		{849D5D5B-238F-4AE8-B31D-3ED252C1A543}.Debug|x64.ActiveCfg = Debug|Any CPU
		{849D5D5B-238F-4AE8-B31D-3ED252C1A543}.Debug|x64.Build.0 = Debug|Any CPU
		{849D5D5B-238F-4AE8-B31D-3ED252C1A543}.Debug|x86.ActiveCfg = Debug|Any CPU
		{849D5D5B-238F-4AE8-B31D-3ED252C1A543}.Debug|x86.Build.0 = Debug|Any CPU
		{849D5D5B-238F-4AE8-B31D-3ED252C1A543}.Release|Any CPU.ActiveCfg = Release|Any CPU
		{849D5D5B-238F-4AE8-B31D-3ED252C1A543}.Release|Any CPU.Build.0 = Release|Any CPU
		{849D5D5B-238F-4AE8-B31D-3ED252C1A543}.Release|x64.ActiveCfg = Release|Any CPU
		{849D5D5B-238F-4AE8-B31D-3ED252C1A543}.Release|x64.Build.0 = Release|Any CPU
		{849D5D5B-238F-4AE8-B31D-3ED252C1A543}.Release|x86.ActiveCfg = Release|Any CPU
		{849D5D5B-238F-4AE8-B31D-3ED252C1A543}.Release|x86.Build.0 = Release|Any CPU
		{5D202F9A-6636-4FF7-870F-917901B151C5}.Debug|Any CPU.ActiveCfg = Debug|Any CPU
		{5D202F9A-6636-4FF7-870F-917901B151C5}.Debug|Any CPU.Build.0 = Debug|Any CPU
		{5D202F9A-6636-4FF7-870F-917901B151C5}.Debug|x64.ActiveCfg = Debug|Any CPU
		{5D202F9A-6636-4FF7-870F-917901B151C5}.Debug|x64.Build.0 = Debug|Any CPU
		{5D202F9A-6636-4FF7-870F-917901B151C5}.Debug|x86.ActiveCfg = Debug|Any CPU
		{5D202F9A-6636-4FF7-870F-917901B151C5}.Debug|x86.Build.0 = Debug|Any CPU
		{5D202F9A-6636-4FF7-870F-917901B151C5}.Release|Any CPU.ActiveCfg = Release|Any CPU
		{5D202F9A-6636-4FF7-870F-917901B151C5}.Release|Any CPU.Build.0 = Release|Any CPU
		{5D202F9A-6636-4FF7-870F-917901B151C5}.Release|x64.ActiveCfg = Release|Any CPU
		{5D202F9A-6636-4FF7-870F-917901B151C5}.Release|x64.Build.0 = Release|Any CPU
		{5D202F9A-6636-4FF7-870F-917901B151C5}.Release|x86.ActiveCfg = Release|Any CPU
		{5D202F9A-6636-4FF7-870F-917901B151C5}.Release|x86.Build.0 = Release|Any CPU
		{855DB2C4-9C25-47FE-8535-1560004EA06B}.Debug|Any CPU.ActiveCfg = Debug|Any CPU
		{855DB2C4-9C25-47FE-8535-1560004EA06B}.Debug|Any CPU.Build.0 = Debug|Any CPU
		{855DB2C4-9C25-47FE-8535-1560004EA06B}.Debug|x64.ActiveCfg = Debug|Any CPU
		{855DB2C4-9C25-47FE-8535-1560004EA06B}.Debug|x64.Build.0 = Debug|Any CPU
		{855DB2C4-9C25-47FE-8535-1560004EA06B}.Debug|x86.ActiveCfg = Debug|Any CPU
		{855DB2C4-9C25-47FE-8535-1560004EA06B}.Debug|x86.Build.0 = Debug|Any CPU
		{855DB2C4-9C25-47FE-8535-1560004EA06B}.Release|Any CPU.ActiveCfg = Release|Any CPU
		{855DB2C4-9C25-47FE-8535-1560004EA06B}.Release|Any CPU.Build.0 = Release|Any CPU
		{855DB2C4-9C25-47FE-8535-1560004EA06B}.Release|x64.ActiveCfg = Release|Any CPU
		{855DB2C4-9C25-47FE-8535-1560004EA06B}.Release|x64.Build.0 = Release|Any CPU
		{855DB2C4-9C25-47FE-8535-1560004EA06B}.Release|x86.ActiveCfg = Release|Any CPU
		{855DB2C4-9C25-47FE-8535-1560004EA06B}.Release|x86.Build.0 = Release|Any CPU
		{4A6230E1-BD1C-4803-8BAF-31826341F16D}.Debug|Any CPU.ActiveCfg = Debug|Any CPU
		{4A6230E1-BD1C-4803-8BAF-31826341F16D}.Debug|Any CPU.Build.0 = Debug|Any CPU
		{4A6230E1-BD1C-4803-8BAF-31826341F16D}.Debug|x64.ActiveCfg = Debug|Any CPU
		{4A6230E1-BD1C-4803-8BAF-31826341F16D}.Debug|x64.Build.0 = Debug|Any CPU
		{4A6230E1-BD1C-4803-8BAF-31826341F16D}.Debug|x86.ActiveCfg = Debug|Any CPU
		{4A6230E1-BD1C-4803-8BAF-31826341F16D}.Debug|x86.Build.0 = Debug|Any CPU
		{4A6230E1-BD1C-4803-8BAF-31826341F16D}.Release|Any CPU.ActiveCfg = Release|Any CPU
		{4A6230E1-BD1C-4803-8BAF-31826341F16D}.Release|Any CPU.Build.0 = Release|Any CPU
		{4A6230E1-BD1C-4803-8BAF-31826341F16D}.Release|x64.ActiveCfg = Release|Any CPU
		{4A6230E1-BD1C-4803-8BAF-31826341F16D}.Release|x64.Build.0 = Release|Any CPU
		{4A6230E1-BD1C-4803-8BAF-31826341F16D}.Release|x86.ActiveCfg = Release|Any CPU
		{4A6230E1-BD1C-4803-8BAF-31826341F16D}.Release|x86.Build.0 = Release|Any CPU
		{4B26B145-7A9C-4118-83EB-2A0F44C3265D}.Debug|Any CPU.ActiveCfg = Debug|Any CPU
		{4B26B145-7A9C-4118-83EB-2A0F44C3265D}.Debug|Any CPU.Build.0 = Debug|Any CPU
		{4B26B145-7A9C-4118-83EB-2A0F44C3265D}.Debug|x64.ActiveCfg = Debug|Any CPU
		{4B26B145-7A9C-4118-83EB-2A0F44C3265D}.Debug|x64.Build.0 = Debug|Any CPU
		{4B26B145-7A9C-4118-83EB-2A0F44C3265D}.Debug|x86.ActiveCfg = Debug|Any CPU
		{4B26B145-7A9C-4118-83EB-2A0F44C3265D}.Debug|x86.Build.0 = Debug|Any CPU
		{4B26B145-7A9C-4118-83EB-2A0F44C3265D}.Release|Any CPU.ActiveCfg = Release|Any CPU
		{4B26B145-7A9C-4118-83EB-2A0F44C3265D}.Release|Any CPU.Build.0 = Release|Any CPU
		{4B26B145-7A9C-4118-83EB-2A0F44C3265D}.Release|x64.ActiveCfg = Release|Any CPU
		{4B26B145-7A9C-4118-83EB-2A0F44C3265D}.Release|x64.Build.0 = Release|Any CPU
		{4B26B145-7A9C-4118-83EB-2A0F44C3265D}.Release|x86.ActiveCfg = Release|Any CPU
		{4B26B145-7A9C-4118-83EB-2A0F44C3265D}.Release|x86.Build.0 = Release|Any CPU
		{888A386C-A4F6-4A63-9597-AFDA9934014F}.Debug|Any CPU.ActiveCfg = Debug|Any CPU
		{888A386C-A4F6-4A63-9597-AFDA9934014F}.Debug|Any CPU.Build.0 = Debug|Any CPU
		{888A386C-A4F6-4A63-9597-AFDA9934014F}.Debug|x64.ActiveCfg = Debug|Any CPU
		{888A386C-A4F6-4A63-9597-AFDA9934014F}.Debug|x64.Build.0 = Debug|Any CPU
		{888A386C-A4F6-4A63-9597-AFDA9934014F}.Debug|x86.ActiveCfg = Debug|Any CPU
		{888A386C-A4F6-4A63-9597-AFDA9934014F}.Debug|x86.Build.0 = Debug|Any CPU
		{888A386C-A4F6-4A63-9597-AFDA9934014F}.Release|Any CPU.ActiveCfg = Release|Any CPU
		{888A386C-A4F6-4A63-9597-AFDA9934014F}.Release|Any CPU.Build.0 = Release|Any CPU
		{888A386C-A4F6-4A63-9597-AFDA9934014F}.Release|x64.ActiveCfg = Release|Any CPU
		{888A386C-A4F6-4A63-9597-AFDA9934014F}.Release|x64.Build.0 = Release|Any CPU
		{888A386C-A4F6-4A63-9597-AFDA9934014F}.Release|x86.ActiveCfg = Release|Any CPU
		{888A386C-A4F6-4A63-9597-AFDA9934014F}.Release|x86.Build.0 = Release|Any CPU
		{9CF5D7B7-12C2-4EE6-8AC0-1D78043F5EC1}.Debug|Any CPU.ActiveCfg = Debug|Any CPU
		{9CF5D7B7-12C2-4EE6-8AC0-1D78043F5EC1}.Debug|Any CPU.Build.0 = Debug|Any CPU
		{9CF5D7B7-12C2-4EE6-8AC0-1D78043F5EC1}.Debug|x64.ActiveCfg = Debug|Any CPU
		{9CF5D7B7-12C2-4EE6-8AC0-1D78043F5EC1}.Debug|x64.Build.0 = Debug|Any CPU
		{9CF5D7B7-12C2-4EE6-8AC0-1D78043F5EC1}.Debug|x86.ActiveCfg = Debug|Any CPU
		{9CF5D7B7-12C2-4EE6-8AC0-1D78043F5EC1}.Debug|x86.Build.0 = Debug|Any CPU
		{9CF5D7B7-12C2-4EE6-8AC0-1D78043F5EC1}.Release|Any CPU.ActiveCfg = Release|Any CPU
		{9CF5D7B7-12C2-4EE6-8AC0-1D78043F5EC1}.Release|Any CPU.Build.0 = Release|Any CPU
		{9CF5D7B7-12C2-4EE6-8AC0-1D78043F5EC1}.Release|x64.ActiveCfg = Release|Any CPU
		{9CF5D7B7-12C2-4EE6-8AC0-1D78043F5EC1}.Release|x64.Build.0 = Release|Any CPU
		{9CF5D7B7-12C2-4EE6-8AC0-1D78043F5EC1}.Release|x86.ActiveCfg = Release|Any CPU
		{9CF5D7B7-12C2-4EE6-8AC0-1D78043F5EC1}.Release|x86.Build.0 = Release|Any CPU
	EndGlobalSection
	GlobalSection(SolutionProperties) = preSolution
		HideSolutionNode = FALSE
	EndGlobalSection
	GlobalSection(ExtensibilityGlobals) = postSolution
		SolutionGuid = {427907EF-42CD-46CA-834D-B0D661F3DFCE}
	EndGlobalSection
EndGlobal
