Microsoft Visual Studio Solution File, Format Version 12.00
# Visual Studio 15
VisualStudioVersion = 15.0.26124.0
MinimumVisualStudioVersion = 15.0.26124.0
Project("{6EC3EE1D-3C4E-46DD-8F32-0CC8E7565705}") = "DA.Auth.Domain", "DA.Auth\DA.Auth.Domain\DA.Auth.Domain.fsproj", "{DF7481F9-DCFD-414D-8377-970E1EEAD00C}"
EndProject
Project("{6EC3EE1D-3C4E-46DD-8F32-0CC8E7565705}") = "DA.Auth0", "DA.Auth\DA.Auth0\DA.Auth0.fsproj", "{32497DF6-3C65-450A-9897-62065B4E8AB0}"
EndProject
Project("{6EC3EE1D-3C4E-46DD-8F32-0CC8E7565705}") = "DA.Auth0.Tests", "DA.Auth\DA.Auth0.Tests\DA.Auth0.Tests.fsproj", "{F7A6F6D7-0B80-4C00-BFD3-75A744B98EED}"
EndProject
Project("{6EC3EE1D-3C4E-46DD-8F32-0CC8E7565705}") = "DA.Config", "DA.Config\DA.Config.fsproj", "{17338340-7A32-4A67-8BF6-9662D2D16F88}"
EndProject
Project("{6EC3EE1D-3C4E-46DD-8F32-0CC8E7565705}") = "DA.Doer.DataAccess.Domain", "DA.Doer\DA.Doer.DataAccess\DA.Doer.DataAccess.Domain\DA.Doer.DataAccess.Domain.fsproj", "{2C812B2B-0690-4B3E-9AE8-3F0B7C27F1D9}"
EndProject
Project("{6EC3EE1D-3C4E-46DD-8F32-0CC8E7565705}") = "DA.Doer.DataAccess.Mongo", "DA.Doer\DA.Doer.DataAccess\DA.Doer.DataAccess.Mongo\DA.Doer.DataAccess.Mongo.fsproj", "{A0C764B2-2F74-4B53-A282-08F105905DF8}"
EndProject
Project("{6EC3EE1D-3C4E-46DD-8F32-0CC8E7565705}") = "DA.Doer.DataAccess.Mongo.Tests", "DA.Doer\DA.Doer.DataAccess\DA.Doer.DataAccess.Mongo.Tests\DA.Doer.DataAccess.Mongo.Tests.fsproj", "{4843D20E-F051-4E95-87DF-021DE227274E}"
EndProject
Project("{6EC3EE1D-3C4E-46DD-8F32-0CC8E7565705}") = "DA.Doer.Users", "DA.Doer\DA.Doer.Users\DA.Doer.Users\DA.Doer.Users.fsproj", "{0ED7BEFE-8F3C-430E-AD9F-DBB25FC3D0CD}"
EndProject
Project("{6EC3EE1D-3C4E-46DD-8F32-0CC8E7565705}") = "DA.Doer.Users.API", "DA.Doer\DA.Doer.Users\DA.Doer.Users.API\DA.Doer.Users.API.fsproj", "{B5906873-B643-4B6F-96E0-D2E5E6F21C66}"
EndProject
Project("{6EC3EE1D-3C4E-46DD-8F32-0CC8E7565705}") = "DA.Doer.Users.Tests", "DA.Doer\DA.Doer.Users\DA.Doer.Users.Tests\DA.Doer.Users.Tests.fsproj", "{A216D97F-E187-4000-BAED-D78E1D5E52D7}"
EndProject
Project("{6EC3EE1D-3C4E-46DD-8F32-0CC8E7565705}") = "DA.FSX", "DA.FSX\DA.FSX.fsproj", "{401B5ED9-37BC-422E-9A01-7C4046E7E7FF}"
EndProject
Project("{6EC3EE1D-3C4E-46DD-8F32-0CC8E7565705}") = "DA.FSX.Tests", "DA.FSX.Tests\DA.FSX.Tests.fsproj", "{847C96A0-C437-417D-AE55-F56B2892EBC7}"
EndProject
Project("{6EC3EE1D-3C4E-46DD-8F32-0CC8E7565705}") = "DA.Doer.Domain", "DA.Doer\DA.Doer.Domain\DA.Doer.Domain.fsproj", "{F4394D1B-A796-4F12-A707-2FBB6C1BE9C2}"
EndProject
Project("{6EC3EE1D-3C4E-46DD-8F32-0CC8E7565705}") = "DA.Doer.Users.Fun", "DA.Doer\DA.Doer.Users\DA.Doer.Users.Fun\DA.Doer.Users.Fun.fsproj", "{B1CB4F89-A26A-46E4-B77C-8E6A458F8053}"
EndProject
Project("{6EC3EE1D-3C4E-46DD-8F32-0CC8E7565705}") = "DA.HTTP", "DA.HTTP\DA.HTTP.fsproj", "{6F898C1B-1289-4991-BB27-FB904A1D74D7}"
EndProject
Project("{6EC3EE1D-3C4E-46DD-8F32-0CC8E7565705}") = "DA.HTTP.Tests", "DA.HTTP.Tests\DA.HTTP.Tests.fsproj", "{633FA211-8DC8-4256-96B8-848DF5FB055C}"
EndProject
Project("{6EC3EE1D-3C4E-46DD-8F32-0CC8E7565705}") = "DA.Drawing.ImageSharp", "DA.Drawing.ImageSharp\DA.Drawing.ImageSharp.fsproj", "{8D02FDCB-EB5B-43E4-ADBB-58212003CD53}"
EndProject
Project("{6EC3EE1D-3C4E-46DD-8F32-0CC8E7565705}") = "DA.JWT", "DA.JWT\DA.JWT.fsproj", "{A7125184-6403-4069-847E-A040F570A7CF}"
EndProject
Project("{6EC3EE1D-3C4E-46DD-8F32-0CC8E7565705}") = "DA.JWT.Tests", "DA.JWT.Tests\DA.JWT.Tests.fsproj", "{20FB836F-12F1-4346-A119-E5AC73D8FE19}"
EndProject
Project("{6EC3EE1D-3C4E-46DD-8F32-0CC8E7565705}") = "DA.VisionAPI", "DA.VisionAPI\DA.VisionAPI.fsproj", "{697C1FC7-4D9F-46DC-867A-0AC08B3281AF}"
EndProject
Project("{F2A71F9B-5D33-465A-A702-920D77279786}") = "DA.Doer.Users.API.Tests", "DA.Doer\DA.Doer.Users\DA.Doer.Users.API.Tests\DA.Doer.Users.API.Tests.fsproj", "{62F3903B-FE78-44F5-9A45-040D2E20321E}"
EndProject
Global
	GlobalSection(SolutionConfigurationPlatforms) = preSolution
		Debug|Any CPU = Debug|Any CPU
		Release|Any CPU = Release|Any CPU
	EndGlobalSection
	GlobalSection(ProjectConfigurationPlatforms) = postSolution
		{DF7481F9-DCFD-414D-8377-970E1EEAD00C}.Debug|Any CPU.ActiveCfg = Debug|Any CPU
		{DF7481F9-DCFD-414D-8377-970E1EEAD00C}.Debug|Any CPU.Build.0 = Debug|Any CPU
		{DF7481F9-DCFD-414D-8377-970E1EEAD00C}.Release|Any CPU.ActiveCfg = Release|Any CPU
		{DF7481F9-DCFD-414D-8377-970E1EEAD00C}.Release|Any CPU.Build.0 = Release|Any CPU
		{32497DF6-3C65-450A-9897-62065B4E8AB0}.Debug|Any CPU.ActiveCfg = Debug|Any CPU
		{32497DF6-3C65-450A-9897-62065B4E8AB0}.Debug|Any CPU.Build.0 = Debug|Any CPU
		{32497DF6-3C65-450A-9897-62065B4E8AB0}.Release|Any CPU.ActiveCfg = Release|Any CPU
		{32497DF6-3C65-450A-9897-62065B4E8AB0}.Release|Any CPU.Build.0 = Release|Any CPU
		{F7A6F6D7-0B80-4C00-BFD3-75A744B98EED}.Debug|Any CPU.ActiveCfg = Debug|Any CPU
		{F7A6F6D7-0B80-4C00-BFD3-75A744B98EED}.Debug|Any CPU.Build.0 = Debug|Any CPU
		{F7A6F6D7-0B80-4C00-BFD3-75A744B98EED}.Release|Any CPU.ActiveCfg = Release|Any CPU
		{F7A6F6D7-0B80-4C00-BFD3-75A744B98EED}.Release|Any CPU.Build.0 = Release|Any CPU
		{17338340-7A32-4A67-8BF6-9662D2D16F88}.Debug|Any CPU.ActiveCfg = Debug|Any CPU
		{17338340-7A32-4A67-8BF6-9662D2D16F88}.Debug|Any CPU.Build.0 = Debug|Any CPU
		{17338340-7A32-4A67-8BF6-9662D2D16F88}.Release|Any CPU.ActiveCfg = Release|Any CPU
		{17338340-7A32-4A67-8BF6-9662D2D16F88}.Release|Any CPU.Build.0 = Release|Any CPU
		{2C812B2B-0690-4B3E-9AE8-3F0B7C27F1D9}.Debug|Any CPU.ActiveCfg = Debug|Any CPU
		{2C812B2B-0690-4B3E-9AE8-3F0B7C27F1D9}.Debug|Any CPU.Build.0 = Debug|Any CPU
		{2C812B2B-0690-4B3E-9AE8-3F0B7C27F1D9}.Release|Any CPU.ActiveCfg = Release|Any CPU
		{2C812B2B-0690-4B3E-9AE8-3F0B7C27F1D9}.Release|Any CPU.Build.0 = Release|Any CPU
		{A0C764B2-2F74-4B53-A282-08F105905DF8}.Debug|Any CPU.ActiveCfg = Debug|Any CPU
		{A0C764B2-2F74-4B53-A282-08F105905DF8}.Debug|Any CPU.Build.0 = Debug|Any CPU
		{A0C764B2-2F74-4B53-A282-08F105905DF8}.Release|Any CPU.ActiveCfg = Release|Any CPU
		{A0C764B2-2F74-4B53-A282-08F105905DF8}.Release|Any CPU.Build.0 = Release|Any CPU
		{4843D20E-F051-4E95-87DF-021DE227274E}.Debug|Any CPU.ActiveCfg = Debug|Any CPU
		{4843D20E-F051-4E95-87DF-021DE227274E}.Debug|Any CPU.Build.0 = Debug|Any CPU
		{4843D20E-F051-4E95-87DF-021DE227274E}.Release|Any CPU.ActiveCfg = Release|Any CPU
		{4843D20E-F051-4E95-87DF-021DE227274E}.Release|Any CPU.Build.0 = Release|Any CPU
		{0ED7BEFE-8F3C-430E-AD9F-DBB25FC3D0CD}.Debug|Any CPU.ActiveCfg = Debug|Any CPU
		{0ED7BEFE-8F3C-430E-AD9F-DBB25FC3D0CD}.Debug|Any CPU.Build.0 = Debug|Any CPU
		{0ED7BEFE-8F3C-430E-AD9F-DBB25FC3D0CD}.Release|Any CPU.ActiveCfg = Release|Any CPU
		{0ED7BEFE-8F3C-430E-AD9F-DBB25FC3D0CD}.Release|Any CPU.Build.0 = Release|Any CPU
		{B5906873-B643-4B6F-96E0-D2E5E6F21C66}.Debug|Any CPU.ActiveCfg = Debug|Any CPU
		{B5906873-B643-4B6F-96E0-D2E5E6F21C66}.Debug|Any CPU.Build.0 = Debug|Any CPU
		{B5906873-B643-4B6F-96E0-D2E5E6F21C66}.Release|Any CPU.ActiveCfg = Release|Any CPU
		{B5906873-B643-4B6F-96E0-D2E5E6F21C66}.Release|Any CPU.Build.0 = Release|Any CPU
		{A216D97F-E187-4000-BAED-D78E1D5E52D7}.Debug|Any CPU.ActiveCfg = Debug|Any CPU
		{A216D97F-E187-4000-BAED-D78E1D5E52D7}.Debug|Any CPU.Build.0 = Debug|Any CPU
		{A216D97F-E187-4000-BAED-D78E1D5E52D7}.Release|Any CPU.ActiveCfg = Release|Any CPU
		{A216D97F-E187-4000-BAED-D78E1D5E52D7}.Release|Any CPU.Build.0 = Release|Any CPU
		{401B5ED9-37BC-422E-9A01-7C4046E7E7FF}.Debug|Any CPU.ActiveCfg = Debug|Any CPU
		{401B5ED9-37BC-422E-9A01-7C4046E7E7FF}.Debug|Any CPU.Build.0 = Debug|Any CPU
		{401B5ED9-37BC-422E-9A01-7C4046E7E7FF}.Release|Any CPU.ActiveCfg = Release|Any CPU
		{401B5ED9-37BC-422E-9A01-7C4046E7E7FF}.Release|Any CPU.Build.0 = Release|Any CPU
		{847C96A0-C437-417D-AE55-F56B2892EBC7}.Debug|Any CPU.ActiveCfg = Debug|Any CPU
		{847C96A0-C437-417D-AE55-F56B2892EBC7}.Debug|Any CPU.Build.0 = Debug|Any CPU
		{847C96A0-C437-417D-AE55-F56B2892EBC7}.Release|Any CPU.ActiveCfg = Release|Any CPU
		{847C96A0-C437-417D-AE55-F56B2892EBC7}.Release|Any CPU.Build.0 = Release|Any CPU
		{F4394D1B-A796-4F12-A707-2FBB6C1BE9C2}.Debug|Any CPU.ActiveCfg = Debug|Any CPU
		{F4394D1B-A796-4F12-A707-2FBB6C1BE9C2}.Debug|Any CPU.Build.0 = Debug|Any CPU
		{F4394D1B-A796-4F12-A707-2FBB6C1BE9C2}.Release|Any CPU.ActiveCfg = Release|Any CPU
		{F4394D1B-A796-4F12-A707-2FBB6C1BE9C2}.Release|Any CPU.Build.0 = Release|Any CPU
		{B1CB4F89-A26A-46E4-B77C-8E6A458F8053}.Debug|Any CPU.ActiveCfg = Debug|Any CPU
		{B1CB4F89-A26A-46E4-B77C-8E6A458F8053}.Debug|Any CPU.Build.0 = Debug|Any CPU
		{B1CB4F89-A26A-46E4-B77C-8E6A458F8053}.Release|Any CPU.ActiveCfg = Release|Any CPU
		{B1CB4F89-A26A-46E4-B77C-8E6A458F8053}.Release|Any CPU.Build.0 = Release|Any CPU
		{6F898C1B-1289-4991-BB27-FB904A1D74D7}.Debug|Any CPU.ActiveCfg = Debug|Any CPU
		{6F898C1B-1289-4991-BB27-FB904A1D74D7}.Debug|Any CPU.Build.0 = Debug|Any CPU
		{6F898C1B-1289-4991-BB27-FB904A1D74D7}.Release|Any CPU.ActiveCfg = Release|Any CPU
		{6F898C1B-1289-4991-BB27-FB904A1D74D7}.Release|Any CPU.Build.0 = Release|Any CPU
		{633FA211-8DC8-4256-96B8-848DF5FB055C}.Debug|Any CPU.ActiveCfg = Debug|Any CPU
		{633FA211-8DC8-4256-96B8-848DF5FB055C}.Debug|Any CPU.Build.0 = Debug|Any CPU
		{633FA211-8DC8-4256-96B8-848DF5FB055C}.Release|Any CPU.ActiveCfg = Release|Any CPU
		{633FA211-8DC8-4256-96B8-848DF5FB055C}.Release|Any CPU.Build.0 = Release|Any CPU
		{8D02FDCB-EB5B-43E4-ADBB-58212003CD53}.Debug|Any CPU.ActiveCfg = Debug|Any CPU
		{8D02FDCB-EB5B-43E4-ADBB-58212003CD53}.Debug|Any CPU.Build.0 = Debug|Any CPU
		{8D02FDCB-EB5B-43E4-ADBB-58212003CD53}.Release|Any CPU.ActiveCfg = Release|Any CPU
		{8D02FDCB-EB5B-43E4-ADBB-58212003CD53}.Release|Any CPU.Build.0 = Release|Any CPU
		{A7125184-6403-4069-847E-A040F570A7CF}.Debug|Any CPU.ActiveCfg = Debug|Any CPU
		{A7125184-6403-4069-847E-A040F570A7CF}.Debug|Any CPU.Build.0 = Debug|Any CPU
		{A7125184-6403-4069-847E-A040F570A7CF}.Release|Any CPU.ActiveCfg = Release|Any CPU
		{A7125184-6403-4069-847E-A040F570A7CF}.Release|Any CPU.Build.0 = Release|Any CPU
		{20FB836F-12F1-4346-A119-E5AC73D8FE19}.Debug|Any CPU.ActiveCfg = Debug|Any CPU
		{20FB836F-12F1-4346-A119-E5AC73D8FE19}.Debug|Any CPU.Build.0 = Debug|Any CPU
		{20FB836F-12F1-4346-A119-E5AC73D8FE19}.Release|Any CPU.ActiveCfg = Release|Any CPU
		{20FB836F-12F1-4346-A119-E5AC73D8FE19}.Release|Any CPU.Build.0 = Release|Any CPU
		{697C1FC7-4D9F-46DC-867A-0AC08B3281AF}.Debug|Any CPU.ActiveCfg = Debug|Any CPU
		{697C1FC7-4D9F-46DC-867A-0AC08B3281AF}.Debug|Any CPU.Build.0 = Debug|Any CPU
		{697C1FC7-4D9F-46DC-867A-0AC08B3281AF}.Release|Any CPU.ActiveCfg = Release|Any CPU
		{697C1FC7-4D9F-46DC-867A-0AC08B3281AF}.Release|Any CPU.Build.0 = Release|Any CPU
		{62F3903B-FE78-44F5-9A45-040D2E20321E}.Debug|Any CPU.ActiveCfg = Debug|Any CPU
		{62F3903B-FE78-44F5-9A45-040D2E20321E}.Debug|Any CPU.Build.0 = Debug|Any CPU
		{62F3903B-FE78-44F5-9A45-040D2E20321E}.Release|Any CPU.ActiveCfg = Release|Any CPU
		{62F3903B-FE78-44F5-9A45-040D2E20321E}.Release|Any CPU.Build.0 = Release|Any CPU
	EndGlobalSection
	GlobalSection(SolutionProperties) = preSolution
		HideSolutionNode = FALSE
	EndGlobalSection
	GlobalSection(ExtensibilityGlobals) = postSolution
		SolutionGuid = {427907EF-42CD-46CA-834D-B0D661F3DFCE}
	EndGlobalSection
EndGlobal
